{
  "name": "envkey-tester",
  "version": "1.0.0",
  "lockfileVersion": 2,
  "requires": true,
  "packages": {
    "": {
      "name": "envkey-tester",
      "version": "1.0.0",
      "dependencies": {
        "envkey": "2.0.7"
      }
    },
    "../../pkg": {
      "name": "envkey",
      "version": "2.0.6",
      "extraneous": true,
      "license": "MIT",
      "devDependencies": {
        "jest": "^20.0.4"
      }
    },
    "node_modules/envkey": {
      "version": "2.0.7",
      "resolved": "https://registry.npmjs.org/envkey/-/envkey-2.0.7.tgz",
      "integrity": "sha512-91aYmEB+i2vs2cn46debtKBL6obepnae+BzpmOasA09OpA09aY/pyGFY0k2yKWZbYZg70gDE+t4ImvIBRi633A=="
    }
  },
  "dependencies": {
    "envkey": {
      "version": "2.0.7",
      "resolved": "https://registry.npmjs.org/envkey/-/envkey-2.0.7.tgz",
      "integrity": "sha512-91aYmEB+i2vs2cn46debtKBL6obepnae+BzpmOasA09OpA09aY/pyGFY0k2yKWZbYZg70gDE+t4ImvIBRi633A=="
    }
  }
}
