{
  "name": "envkey-tester",
  "version": "1.0.0",
  "lockfileVersion": 2,
  "requires": true,
  "packages": {
    "": {
      "name": "envkey-tester",
      "version": "1.0.0",
      "dependencies": {
        "envkey": "2.0.8"
      }
    },
    "../../pkg": {
      "name": "envkey",
      "version": "2.0.6",
      "extraneous": true,
      "license": "MIT",
      "devDependencies": {
        "jest": "^20.0.4"
      }
    },
    "node_modules/envkey": {
      "version": "2.0.8",
      "resolved": "https://registry.npmjs.org/envkey/-/envkey-2.0.8.tgz",
      "integrity": "sha512-h2+wAuDuUz5oDxD5Pf0W9cNEameWVb0+XukNbHT+cjQfJs3KKa9HrhO70WjedAhMefzIX01HWmA9a6zRdlgo8A=="
    }
  },
  "dependencies": {
    "envkey": {
      "version": "2.0.8",
      "resolved": "https://registry.npmjs.org/envkey/-/envkey-2.0.8.tgz",
      "integrity": "sha512-h2+wAuDuUz5oDxD5Pf0W9cNEameWVb0+XukNbHT+cjQfJs3KKa9HrhO70WjedAhMefzIX01HWmA9a6zRdlgo8A=="
    }
  }
}
