{
    "_readme": [
        "This file locks the dependencies of your project to a known state",
        "Read more about it at https://getcomposer.org/doc/01-basic-usage.md#installing-dependencies",
        "This file is @generated automatically"
    ],
    "content-hash": "36e7dba2b789d2d1394a03194c0cb136",
    "packages": [
        {
            "name": "envkey/envkey-php",
            "version": "2.4.0",
            "source": {
                "type": "git",
                "url": "https://github.com/envkey/envkey-php.git",
                "reference": "9a840d75857f506440a70be98683c6c49f130080"
            },
            "dist": {
                "type": "zip",
                "url": "https://api.github.com/repos/envkey/envkey-php/zipball/9a840d75857f506440a70be98683c6c49f130080",
                "reference": "9a840d75857f506440a70be98683c6c49f130080",
                "shasum": ""
            },
            "require-dev": {
                "phpunit/phpunit": "^10.1"
            },
            "type": "library",
            "autoload": {
                "files": [
                    "src/auto.php"
                ]
            },
            "notification-url": "https://packagist.org/downloads/",
            "license": [
                "MIT"
            ],
            "authors": [
                {
                    "name": "EnvKey",
                    "email": "support@envkey.com",
                    "homepage": "https://envkey.com"
                }
            ],
            "description": "Keeps environment variables automatically in sync. Protects secrets with end-to-end encryption.",
            "keywords": [
                "configuration",
                "configuration management",
                "dotenv",
                "encryption",
                "end-to-end encryption",
                "env",
                "environment variables",
                "secrets",
                "secrets management",
                "security"
            ],
            "support": {
                "issues": "https://github.com/envkey/envkey-php/issues",
                "source": "https://github.com/envkey/envkey-php/tree/2.4.0"
            },
            "time": "2023-05-26T00:07:11+00:00"
        }
    ],
    "packages-dev": [],
    "aliases": [],
    "minimum-stability": "stable",
    "stability-flags": [],
    "prefer-stable": false,
    "prefer-lowest": false,
    "platform": [],
    "platform-dev": [],
    "plugin-api-version": "2.3.0"
}
